{
    "_readme": [
        "This file locks the dependencies of your project to a known state",
        "Read more about it at https://getcomposer.org/doc/01-basic-usage.md#installing-dependencies",
        "This file is @generated automatically"
    ],
    "content-hash": "393e0966d75942c0c98ebac55102a683",
    "packages": [
        {
            "name": "selective/database",
            "version": "3.2.0",
            "source": {
                "type": "git",
                "url": "https://github.com/selective-php/database.git",
                "reference": "ec91735a538da1f05f906e6c1d793c101c34a551"
            },
            "dist": {
                "type": "zip",
                "url": "https://api.github.com/repos/selective-php/database/zipball/ec91735a538da1f05f906e6c1d793c101c34a551",
                "reference": "ec91735a538da1f05f906e6c1d793c101c34a551",
                "shasum": ""
            },
            "require": {
                "ext-pdo": "*",
                "php": "^8.0"
            },
            "require-dev": {
                "friendsofphp/php-cs-fixer": "^3",
                "phpstan/phpstan": "^1",
                "phpunit/phpunit": "^9 || ^10",
                "squizlabs/php_codesniffer": "^3"
            },
            "type": "library",
            "autoload": {
                "psr-4": {
                    "Selective\\Database\\": "src/"
                }
            },
            "notification-url": "https://packagist.org/downloads/",
            "license": [
                "MIT"
            ],
            "description": "SQL query builder",
            "homepage": "https://github.com/selective-php/database",
            "keywords": [
                "builder",
                "database",
                "mysql",
                "query",
                "sql"
            ],
            "support": {
                "issues": "https://github.com/selective-php/database/issues",
                "source": "https://github.com/selective-php/database/tree/3.2.0"
            },
            "abandoned": "cakephp/database",
            "time": "2022-11-26T11:49:07+00:00"
        }
    ],
    "packages-dev": [],
    "aliases": [],
    "minimum-stability": "stable",
    "stability-flags": [],
    "prefer-stable": false,
    "prefer-lowest": false,
    "platform": [],
    "platform-dev": [],
    "plugin-api-version": "2.2.0"
}
